<?xml version="1.0" encoding="utf-8"?>
<Project ToolsVersion="4.0" xmlns="http://schemas.microsoft.com/developer/msbuild/2003">
  <ItemGroup>
    <Filter Include="Source Files">
      <UniqueIdentifier>{4FC737F1-C7A5-4376-A066-2A32D752A2FF}</UniqueIdentifier>
      <Extensions>cpp;c;cc;cxx;def;odl;idl;hpj;bat;asm;asmx</Extensions>
    </Filter>
    <Filter Include="Header Files">
      <UniqueIdentifier>{93995380-89BD-4b04-88EB-625FBE52EBFB}</UniqueIdentifier>
      <Extensions>h;hh;hpp;hxx;hm;inl;inc;ipp;xsd</Extensions>
    </Filter>
    <Filter Include="Resource Files">
      <UniqueIdentifier>{67DA6AB6-F800-4c08-8B7A-83BB121AAD01}</UniqueIdentifier>
      <Extensions>rc;ico;cur;bmp;dlg;rc2;rct;bin;rgs;gif;jpg;jpeg;jpe;resx;tiff;tif;png;wav;mfcribbon-ms</Extensions>
    </Filter>
    <Filter Include="Boost">
      <UniqueIdentifier>{54cc1739-9b1f-419d-9f51-be3ccf4292cb}</UniqueIdentifier>
    </Filter>
  </ItemGroup>
  <ItemGroup>
    <ClInclude Include="Resource.h">
      <Filter>Header Files</Filter>
    </ClInclude>
    <ClInclude Include="pch.h">
      <Filter>Header Files</Filter>
    </ClInclude>
    <ClInclude Include="boost_1_72_0_min\libs\regex\src\internals.hpp">
      <Filter>Boost</Filter>
    </ClInclude>
    <ClInclude Include="BoostRegexInterop.h">
      <Filter>Header Files</Filter>
    </ClInclude>
    <ClInclude Include="Matcher.h">
      <Filter>Header Files</Filter>
    </ClInclude>
    <ClInclude Include="pch-boost.h">
      <Filter>Header Files</Filter>
    </ClInclude>
  </ItemGroup>
  <ItemGroup>
    <ClCompile Include="AssemblyInfo.cpp">
      <Filter>Source Files</Filter>
    </ClCompile>
    <ClCompile Include="pch.cpp">
      <Filter>Source Files</Filter>
    </ClCompile>
    <ClCompile Include="boost_1_72_0_min\libs\regex\src\c_regex_traits.cpp">
      <Filter>Boost</Filter>
    </ClCompile>
    <ClCompile Include="boost_1_72_0_min\libs\regex\src\cpp_regex_traits.cpp">
      <Filter>Boost</Filter>
    </ClCompile>
    <ClCompile Include="boost_1_72_0_min\libs\regex\src\cregex.cpp">
      <Filter>Boost</Filter>
    </ClCompile>
    <ClCompile Include="boost_1_72_0_min\libs\regex\src\fileiter.cpp">
      <Filter>Boost</Filter>
    </ClCompile>
    <ClCompile Include="boost_1_72_0_min\libs\regex\src\icu.cpp">
      <Filter>Boost</Filter>
    </ClCompile>
    <ClCompile Include="boost_1_72_0_min\libs\regex\src\instances.cpp">
      <Filter>Boost</Filter>
    </ClCompile>
    <ClCompile Include="boost_1_72_0_min\libs\regex\src\posix_api.cpp">
      <Filter>Boost</Filter>
    </ClCompile>
    <ClCompile Include="boost_1_72_0_min\libs\regex\src\regex.cpp">
      <Filter>Boost</Filter>
    </ClCompile>
    <ClCompile Include="boost_1_72_0_min\libs\regex\src\regex_debug.cpp">
      <Filter>Boost</Filter>
    </ClCompile>
    <ClCompile Include="boost_1_72_0_min\libs\regex\src\regex_raw_buffer.cpp">
      <Filter>Boost</Filter>
    </ClCompile>
    <ClCompile Include="boost_1_72_0_min\libs\regex\src\regex_traits_defaults.cpp">
      <Filter>Boost</Filter>
    </ClCompile>
    <ClCompile Include="boost_1_72_0_min\libs\regex\src\static_mutex.cpp">
      <Filter>Boost</Filter>
    </ClCompile>
    <ClCompile Include="boost_1_72_0_min\libs\regex\src\usinstances.cpp">
      <Filter>Boost</Filter>
    </ClCompile>
    <ClCompile Include="boost_1_72_0_min\libs\regex\src\w32_regex_traits.cpp">
      <Filter>Boost</Filter>
    </ClCompile>
    <ClCompile Include="boost_1_72_0_min\libs\regex\src\wc_regex_traits.cpp">
      <Filter>Boost</Filter>
    </ClCompile>
    <ClCompile Include="boost_1_72_0_min\libs\regex\src\wide_posix_api.cpp">
      <Filter>Boost</Filter>
    </ClCompile>
    <ClCompile Include="boost_1_72_0_min\libs\regex\src\winstances.cpp">
      <Filter>Boost</Filter>
    </ClCompile>
    <ClCompile Include="BoostRegexInterop.cpp">
      <Filter>Source Files</Filter>
    </ClCompile>
    <ClCompile Include="Matcher.cpp">
      <Filter>Source Files</Filter>
    </ClCompile>
  </ItemGroup>
  <ItemGroup>
    <ResourceCompile Include="app.rc">
      <Filter>Resource Files</Filter>
    </ResourceCompile>
  </ItemGroup>
  <ItemGroup>
    <Image Include="app.ico">
      <Filter>Resource Files</Filter>
    </Image>
  </ItemGroup>
  <ItemGroup>
    <Text Include="boost_1_72_0_min\LICENSE_1_0.txt">
      <Filter>Boost</Filter>
    </Text>
  </ItemGroup>
  <ItemGroup>
    <None Include="BoostRegexEngine.snk" />
  </ItemGroup>
</Project>