
Microsoft Visual Studio Solution File, Format Version 12.00
# Visual Studio Version 16
VisualStudioVersion = 16.0.28803.202
MinimumVisualStudioVersion = 10.0.40219.1
Project("{FAE04EC0-301F-11D3-BF4B-00C04F79EFBC}") = "RegExpressWPF", "RegExpressWPF\RegExpressWPF.csproj", "{FEA5F50A-0481-4467-9ABE-CCBB3EFADF84}"
EndProject
Project("{2150E333-8FDC-42A3-9474-1A3956D46DE8}") = "Misc", "Misc", "{60FA2836-7AB6-44CD-A1C9-63566306D6FF}"
	ProjectSection(SolutionItems) = preProject
		Misc\ComplexSamples.rtf = Misc\ComplexSamples.rtf
		Misc\Sample Regex - RFC822.txt = Misc\Sample Regex - RFC822.txt
		Misc\Screenshot1.png = Misc\Screenshot1.png
		Misc\Screenshot2.png = Misc\Screenshot2.png
		Misc\UnicodeData8.xlsx = Misc\UnicodeData8.xlsx
	EndProjectSection
EndProject
Project("{2150E333-8FDC-42A3-9474-1A3956D46DE8}") = "RegexEngines", "RegexEngines", "{AF2AE772-8BE9-4B04-8DDC-2F55A189FAC3}"
EndProject
Project("{FAE04EC0-301F-11D3-BF4B-00C04F79EFBC}") = "RegexEngineInfrastructure", "RegexEngines\RegexEngineInfrastructure\RegexEngineInfrastructure.csproj", "{862F8D21-C7D3-4AEC-A802-5431063C9F49}"
EndProject
Project("{FAE04EC0-301F-11D3-BF4B-00C04F79EFBC}") = "DotNetRegexEngine", "RegexEngines\DotNet\DotNetRegexEngine\DotNetRegexEngine.csproj", "{024A9F29-AE01-4987-86E5-CA4C0CB69E7C}"
EndProject
Project("{FAE04EC0-301F-11D3-BF4B-00C04F79EFBC}") = "StdRegexEngine", "RegexEngines\Std\StdRegexEngine\StdRegexEngine.csproj", "{1BC5CC50-C0F6-4598-934F-E772938DA825}"
EndProject
Project("{8BC9CEB8-8B4A-11D0-8D11-00A0C91BC942}") = "StdRegexInterop", "RegexEngines\Std\StdRegexInterop\StdRegexInterop.vcxproj", "{D6F5056E-FAB0-4C60-A02F-8E56FA9F42D1}"
EndProject
Project("{8BC9CEB8-8B4A-11D0-8D11-00A0C91BC942}") = "BoostRegexInterop", "RegexEngines\Boost\BoostRegexInterop\BoostRegexInterop.vcxproj", "{8CA0EEED-5B3E-4226-B936-EAF5DCC06680}"
EndProject
Project("{FAE04EC0-301F-11D3-BF4B-00C04F79EFBC}") = "BoostRegexEngine", "RegexEngines\Boost\BoostRegexEngine\BoostRegexEngine.csproj", "{773E3BD2-E5B0-49B5-AF57-12D8CA5C8C8B}"
EndProject
Project("{8BC9CEB8-8B4A-11D0-8D11-00A0C91BC942}") = "Pcre2RegexInterop", "RegexEngines\Pcre2\Pcre2RegexInterop\Pcre2RegexInterop.vcxproj", "{B4A7EAE1-87FA-47C8-88E0-E668E8A104E1}"
EndProject
Project("{FAE04EC0-301F-11D3-BF4B-00C04F79EFBC}") = "Pcre2RegexEngine", "RegexEngines\Pcre2\Pcre2RegexEngine\Pcre2RegexEngine.csproj", "{B7BEB394-9F76-4F5F-B7FB-D88369D98C54}"
EndProject
Project("{2150E333-8FDC-42A3-9474-1A3956D46DE8}") = "Boost", "Boost", "{6D9AD262-FE59-40CE-A5BD-8F01239AA5F7}"
EndProject
Project("{2150E333-8FDC-42A3-9474-1A3956D46DE8}") = "PCRE2", "PCRE2", "{0C1C5680-0429-402C-9A0F-700D722086B4}"
EndProject
Project("{2150E333-8FDC-42A3-9474-1A3956D46DE8}") = "Std", "Std", "{6C0DC856-2A76-4681-AA1A-5875C48C0B33}"
EndProject
Project("{2150E333-8FDC-42A3-9474-1A3956D46DE8}") = "DotNet", "DotNet", "{9E61CB95-A521-4CD9-8C6E-BB9D7AF24B03}"
EndProject
Project("{2150E333-8FDC-42A3-9474-1A3956D46DE8}") = "RE2", "RE2", "{C2A2CC2E-3131-4AAE-B10A-9D7BC88BBAD4}"
EndProject
Project("{FAE04EC0-301F-11D3-BF4B-00C04F79EFBC}") = "Re2RegexEngine", "RegexEngines\Re2\Re2RegexEngine\Re2RegexEngine.csproj", "{573AAF62-0E02-46B1-9879-C5A8DBC4A266}"
EndProject
Project("{8BC9CEB8-8B4A-11D0-8D11-00A0C91BC942}") = "Re2RegexInterop", "RegexEngines\Re2\Re2RegexInterop\Re2RegexInterop.vcxproj", "{0DD269BF-259F-46D0-A119-C5E266753567}"
EndProject
Project("{2150E333-8FDC-42A3-9474-1A3956D46DE8}") = "Oniguruma", "Oniguruma", "{B2C87356-9868-4F21-B21C-2BD025C81E0C}"
EndProject
Project("{8BC9CEB8-8B4A-11D0-8D11-00A0C91BC942}") = "OnigurumaRegexInterop", "RegexEngines\Oniguruma\OnigurumaRegexInterop\OnigurumaRegexInterop.vcxproj", "{7A51FE0D-CCF8-423A-84AB-2B3324478CE3}"
EndProject
Project("{FAE04EC0-301F-11D3-BF4B-00C04F79EFBC}") = "OnigurumaRegexEngine", "RegexEngines\Oniguruma\OnigurumaRegexEngine\OnigurumaRegexEngine.csproj", "{7A08032B-32A7-4C6D-99B1-CD0B9DF19963}"
EndProject
Project("{2150E333-8FDC-42A3-9474-1A3956D46DE8}") = "ICU", "ICU", "{3D67A86B-E427-4154-A8D3-3EDCCBBC833C}"
EndProject
Project("{FAE04EC0-301F-11D3-BF4B-00C04F79EFBC}") = "IcuRegexEngine", "RegexEngines\Icu\IcuRegexEngine\IcuRegexEngine.csproj", "{6D01364E-7EFB-4998-9BC3-A767F6C2A18A}"
EndProject
Project("{8BC9CEB8-8B4A-11D0-8D11-00A0C91BC942}") = "IcuRegexInterop", "RegexEngines\Icu\IcuRegexInterop\IcuRegexInterop.vcxproj", "{5D810660-1D65-41E6-A1B7-80F06A08C4CC}"
EndProject
Project("{2150E333-8FDC-42A3-9474-1A3956D46DE8}") = "SubReg", "SubReg", "{A9841D7A-BC1F-4766-B56B-32DA8CBD31EA}"
EndProject
Project("{8BC9CEB8-8B4A-11D0-8D11-00A0C91BC942}") = "SubRegRegexInterop", "RegexEngines\SubReg\SubRegRegexInterop\SubRegRegexInterop.vcxproj", "{8E38B6D7-6FCC-4552-B4D9-757BB5405F65}"
EndProject
Project("{FAE04EC0-301F-11D3-BF4B-00C04F79EFBC}") = "SubRegRegexEngine", "RegexEngines\SubReg\SubRegRegexEngine\SubRegRegexEngine.csproj", "{9AA90821-F9E5-44EB-A3C2-E38F2F09FDB0}"
EndProject
Project("{2150E333-8FDC-42A3-9474-1A3956D46DE8}") = "Perl", "Perl", "{9FF2DE2E-924A-48D1-ACEF-886AE11B9C52}"
EndProject
Project("{FAE04EC0-301F-11D3-BF4B-00C04F79EFBC}") = "PerlRegexEngine", "RegexEngines\Perl\PerlRegexEngine\PerlRegexEngine.csproj", "{490D9C31-2F47-4164-9465-4611D913A9C0}"
EndProject
Project("{2150E333-8FDC-42A3-9474-1A3956D46DE8}") = "Python", "Python", "{D4C5A3D1-AB5E-42BC-9051-1566FC3A6656}"
EndProject
Project("{FAE04EC0-301F-11D3-BF4B-00C04F79EFBC}") = "PythonRegexEngine", "RegexEngines\Python\PythonRegexEngine\PythonRegexEngine.csproj", "{E0883B07-FAE2-4E00-A240-15333D8E88D1}"
EndProject
Project("{2150E333-8FDC-42A3-9474-1A3956D46DE8}") = "Rust", "Rust", "{BD3D9672-96E5-471B-94B2-263F52E12DC9}"
EndProject
Project("{FAE04EC0-301F-11D3-BF4B-00C04F79EFBC}") = "RustRegexEngine", "RegexEngines\Rust\RustRegexEngine\RustRegexEngine.csproj", "{79C4940B-D335-4299-A1A1-EDA4A35AD6FC}"
EndProject
Project("{2150E333-8FDC-42A3-9474-1A3956D46DE8}") = "D", "D", "{8F7800AD-0FEE-4445-BFAD-136D744F0A50}"
EndProject
Project("{FAE04EC0-301F-11D3-BF4B-00C04F79EFBC}") = "DRegexEngine", "RegexEngines\D\DRegexEngine\DRegexEngine.csproj", "{7E1D88D9-6992-471E-B456-91716866CE42}"
EndProject
Global
	GlobalSection(SolutionConfigurationPlatforms) = preSolution
		Debug|x64 = Debug|x64
		Release|x64 = Release|x64
	EndGlobalSection
	GlobalSection(ProjectConfigurationPlatforms) = postSolution
		{FEA5F50A-0481-4467-9ABE-CCBB3EFADF84}.Debug|x64.ActiveCfg = Debug|x64
		{FEA5F50A-0481-4467-9ABE-CCBB3EFADF84}.Debug|x64.Build.0 = Debug|x64
		{FEA5F50A-0481-4467-9ABE-CCBB3EFADF84}.Release|x64.ActiveCfg = Release|x64
		{FEA5F50A-0481-4467-9ABE-CCBB3EFADF84}.Release|x64.Build.0 = Release|x64
		{862F8D21-C7D3-4AEC-A802-5431063C9F49}.Debug|x64.ActiveCfg = Debug|x64
		{862F8D21-C7D3-4AEC-A802-5431063C9F49}.Debug|x64.Build.0 = Debug|x64
		{862F8D21-C7D3-4AEC-A802-5431063C9F49}.Release|x64.ActiveCfg = Release|x64
		{862F8D21-C7D3-4AEC-A802-5431063C9F49}.Release|x64.Build.0 = Release|x64
		{024A9F29-AE01-4987-86E5-CA4C0CB69E7C}.Debug|x64.ActiveCfg = Debug|x64
		{024A9F29-AE01-4987-86E5-CA4C0CB69E7C}.Debug|x64.Build.0 = Debug|x64
		{024A9F29-AE01-4987-86E5-CA4C0CB69E7C}.Release|x64.ActiveCfg = Release|x64
		{024A9F29-AE01-4987-86E5-CA4C0CB69E7C}.Release|x64.Build.0 = Release|x64
		{1BC5CC50-C0F6-4598-934F-E772938DA825}.Debug|x64.ActiveCfg = Debug|x64
		{1BC5CC50-C0F6-4598-934F-E772938DA825}.Debug|x64.Build.0 = Debug|x64
		{1BC5CC50-C0F6-4598-934F-E772938DA825}.Release|x64.ActiveCfg = Release|x64
		{1BC5CC50-C0F6-4598-934F-E772938DA825}.Release|x64.Build.0 = Release|x64
		{D6F5056E-FAB0-4C60-A02F-8E56FA9F42D1}.Debug|x64.ActiveCfg = Debug|x64
		{D6F5056E-FAB0-4C60-A02F-8E56FA9F42D1}.Debug|x64.Build.0 = Debug|x64
		{D6F5056E-FAB0-4C60-A02F-8E56FA9F42D1}.Release|x64.ActiveCfg = Release|x64
		{D6F5056E-FAB0-4C60-A02F-8E56FA9F42D1}.Release|x64.Build.0 = Release|x64
		{8CA0EEED-5B3E-4226-B936-EAF5DCC06680}.Debug|x64.ActiveCfg = Debug|x64
		{8CA0EEED-5B3E-4226-B936-EAF5DCC06680}.Debug|x64.Build.0 = Debug|x64
		{8CA0EEED-5B3E-4226-B936-EAF5DCC06680}.Release|x64.ActiveCfg = Release|x64
		{8CA0EEED-5B3E-4226-B936-EAF5DCC06680}.Release|x64.Build.0 = Release|x64
		{773E3BD2-E5B0-49B5-AF57-12D8CA5C8C8B}.Debug|x64.ActiveCfg = Debug|x64
		{773E3BD2-E5B0-49B5-AF57-12D8CA5C8C8B}.Debug|x64.Build.0 = Debug|x64
		{773E3BD2-E5B0-49B5-AF57-12D8CA5C8C8B}.Release|x64.ActiveCfg = Release|x64
		{773E3BD2-E5B0-49B5-AF57-12D8CA5C8C8B}.Release|x64.Build.0 = Release|x64
		{B4A7EAE1-87FA-47C8-88E0-E668E8A104E1}.Debug|x64.ActiveCfg = Debug|x64
		{B4A7EAE1-87FA-47C8-88E0-E668E8A104E1}.Debug|x64.Build.0 = Debug|x64
		{B4A7EAE1-87FA-47C8-88E0-E668E8A104E1}.Release|x64.ActiveCfg = Release|x64
		{B4A7EAE1-87FA-47C8-88E0-E668E8A104E1}.Release|x64.Build.0 = Release|x64
		{B7BEB394-9F76-4F5F-B7FB-D88369D98C54}.Debug|x64.ActiveCfg = Debug|x64
		{B7BEB394-9F76-4F5F-B7FB-D88369D98C54}.Debug|x64.Build.0 = Debug|x64
		{B7BEB394-9F76-4F5F-B7FB-D88369D98C54}.Release|x64.ActiveCfg = Release|x64
		{B7BEB394-9F76-4F5F-B7FB-D88369D98C54}.Release|x64.Build.0 = Release|x64
		{573AAF62-0E02-46B1-9879-C5A8DBC4A266}.Debug|x64.ActiveCfg = Debug|x64
		{573AAF62-0E02-46B1-9879-C5A8DBC4A266}.Debug|x64.Build.0 = Debug|x64
		{573AAF62-0E02-46B1-9879-C5A8DBC4A266}.Release|x64.ActiveCfg = Release|x64
		{573AAF62-0E02-46B1-9879-C5A8DBC4A266}.Release|x64.Build.0 = Release|x64
		{0DD269BF-259F-46D0-A119-C5E266753567}.Debug|x64.ActiveCfg = Debug|x64
		{0DD269BF-259F-46D0-A119-C5E266753567}.Debug|x64.Build.0 = Debug|x64
		{0DD269BF-259F-46D0-A119-C5E266753567}.Release|x64.ActiveCfg = Release|x64
		{0DD269BF-259F-46D0-A119-C5E266753567}.Release|x64.Build.0 = Release|x64
		{7A51FE0D-CCF8-423A-84AB-2B3324478CE3}.Debug|x64.ActiveCfg = Debug|x64
		{7A51FE0D-CCF8-423A-84AB-2B3324478CE3}.Debug|x64.Build.0 = Debug|x64
		{7A51FE0D-CCF8-423A-84AB-2B3324478CE3}.Release|x64.ActiveCfg = Release|x64
		{7A51FE0D-CCF8-423A-84AB-2B3324478CE3}.Release|x64.Build.0 = Release|x64
		{7A08032B-32A7-4C6D-99B1-CD0B9DF19963}.Debug|x64.ActiveCfg = Debug|x64
		{7A08032B-32A7-4C6D-99B1-CD0B9DF19963}.Debug|x64.Build.0 = Debug|x64
		{7A08032B-32A7-4C6D-99B1-CD0B9DF19963}.Release|x64.ActiveCfg = Release|x64
		{7A08032B-32A7-4C6D-99B1-CD0B9DF19963}.Release|x64.Build.0 = Release|x64
		{6D01364E-7EFB-4998-9BC3-A767F6C2A18A}.Debug|x64.ActiveCfg = Debug|x64
		{6D01364E-7EFB-4998-9BC3-A767F6C2A18A}.Debug|x64.Build.0 = Debug|x64
		{6D01364E-7EFB-4998-9BC3-A767F6C2A18A}.Release|x64.ActiveCfg = Release|x64
		{6D01364E-7EFB-4998-9BC3-A767F6C2A18A}.Release|x64.Build.0 = Release|x64
		{5D810660-1D65-41E6-A1B7-80F06A08C4CC}.Debug|x64.ActiveCfg = Debug|x64
		{5D810660-1D65-41E6-A1B7-80F06A08C4CC}.Debug|x64.Build.0 = Debug|x64
		{5D810660-1D65-41E6-A1B7-80F06A08C4CC}.Release|x64.ActiveCfg = Release|x64
		{5D810660-1D65-41E6-A1B7-80F06A08C4CC}.Release|x64.Build.0 = Release|x64
		{8E38B6D7-6FCC-4552-B4D9-757BB5405F65}.Debug|x64.ActiveCfg = Debug|x64
		{8E38B6D7-6FCC-4552-B4D9-757BB5405F65}.Debug|x64.Build.0 = Debug|x64
		{8E38B6D7-6FCC-4552-B4D9-757BB5405F65}.Release|x64.ActiveCfg = Release|x64
		{8E38B6D7-6FCC-4552-B4D9-757BB5405F65}.Release|x64.Build.0 = Release|x64
		{9AA90821-F9E5-44EB-A3C2-E38F2F09FDB0}.Debug|x64.ActiveCfg = Debug|x64
		{9AA90821-F9E5-44EB-A3C2-E38F2F09FDB0}.Debug|x64.Build.0 = Debug|x64
		{9AA90821-F9E5-44EB-A3C2-E38F2F09FDB0}.Release|x64.ActiveCfg = Release|x64
		{9AA90821-F9E5-44EB-A3C2-E38F2F09FDB0}.Release|x64.Build.0 = Release|x64
		{490D9C31-2F47-4164-9465-4611D913A9C0}.Debug|x64.ActiveCfg = Debug|x64
		{490D9C31-2F47-4164-9465-4611D913A9C0}.Debug|x64.Build.0 = Debug|x64
		{490D9C31-2F47-4164-9465-4611D913A9C0}.Release|x64.ActiveCfg = Release|x64
		{490D9C31-2F47-4164-9465-4611D913A9C0}.Release|x64.Build.0 = Release|x64
		{E0883B07-FAE2-4E00-A240-15333D8E88D1}.Debug|x64.ActiveCfg = Debug|x64
		{E0883B07-FAE2-4E00-A240-15333D8E88D1}.Debug|x64.Build.0 = Debug|x64
		{E0883B07-FAE2-4E00-A240-15333D8E88D1}.Release|x64.ActiveCfg = Release|x64
		{E0883B07-FAE2-4E00-A240-15333D8E88D1}.Release|x64.Build.0 = Release|x64
		{79C4940B-D335-4299-A1A1-EDA4A35AD6FC}.Debug|x64.ActiveCfg = Debug|x64
		{79C4940B-D335-4299-A1A1-EDA4A35AD6FC}.Debug|x64.Build.0 = Debug|x64
		{79C4940B-D335-4299-A1A1-EDA4A35AD6FC}.Release|x64.ActiveCfg = Release|x64
		{79C4940B-D335-4299-A1A1-EDA4A35AD6FC}.Release|x64.Build.0 = Release|x64
		{7E1D88D9-6992-471E-B456-91716866CE42}.Debug|x64.ActiveCfg = Debug|x64
		{7E1D88D9-6992-471E-B456-91716866CE42}.Debug|x64.Build.0 = Debug|x64
		{7E1D88D9-6992-471E-B456-91716866CE42}.Release|x64.ActiveCfg = Release|x64
		{7E1D88D9-6992-471E-B456-91716866CE42}.Release|x64.Build.0 = Release|x64
	EndGlobalSection
	GlobalSection(SolutionProperties) = preSolution
		HideSolutionNode = FALSE
	EndGlobalSection
	GlobalSection(NestedProjects) = preSolution
		{862F8D21-C7D3-4AEC-A802-5431063C9F49} = {AF2AE772-8BE9-4B04-8DDC-2F55A189FAC3}
		{024A9F29-AE01-4987-86E5-CA4C0CB69E7C} = {9E61CB95-A521-4CD9-8C6E-BB9D7AF24B03}
		{1BC5CC50-C0F6-4598-934F-E772938DA825} = {6C0DC856-2A76-4681-AA1A-5875C48C0B33}
		{D6F5056E-FAB0-4C60-A02F-8E56FA9F42D1} = {6C0DC856-2A76-4681-AA1A-5875C48C0B33}
		{8CA0EEED-5B3E-4226-B936-EAF5DCC06680} = {6D9AD262-FE59-40CE-A5BD-8F01239AA5F7}
		{773E3BD2-E5B0-49B5-AF57-12D8CA5C8C8B} = {6D9AD262-FE59-40CE-A5BD-8F01239AA5F7}
		{B4A7EAE1-87FA-47C8-88E0-E668E8A104E1} = {0C1C5680-0429-402C-9A0F-700D722086B4}
		{B7BEB394-9F76-4F5F-B7FB-D88369D98C54} = {0C1C5680-0429-402C-9A0F-700D722086B4}
		{6D9AD262-FE59-40CE-A5BD-8F01239AA5F7} = {AF2AE772-8BE9-4B04-8DDC-2F55A189FAC3}
		{0C1C5680-0429-402C-9A0F-700D722086B4} = {AF2AE772-8BE9-4B04-8DDC-2F55A189FAC3}
		{6C0DC856-2A76-4681-AA1A-5875C48C0B33} = {AF2AE772-8BE9-4B04-8DDC-2F55A189FAC3}
		{9E61CB95-A521-4CD9-8C6E-BB9D7AF24B03} = {AF2AE772-8BE9-4B04-8DDC-2F55A189FAC3}
		{C2A2CC2E-3131-4AAE-B10A-9D7BC88BBAD4} = {AF2AE772-8BE9-4B04-8DDC-2F55A189FAC3}
		{573AAF62-0E02-46B1-9879-C5A8DBC4A266} = {C2A2CC2E-3131-4AAE-B10A-9D7BC88BBAD4}
		{0DD269BF-259F-46D0-A119-C5E266753567} = {C2A2CC2E-3131-4AAE-B10A-9D7BC88BBAD4}
		{B2C87356-9868-4F21-B21C-2BD025C81E0C} = {AF2AE772-8BE9-4B04-8DDC-2F55A189FAC3}
		{7A51FE0D-CCF8-423A-84AB-2B3324478CE3} = {B2C87356-9868-4F21-B21C-2BD025C81E0C}
		{7A08032B-32A7-4C6D-99B1-CD0B9DF19963} = {B2C87356-9868-4F21-B21C-2BD025C81E0C}
		{3D67A86B-E427-4154-A8D3-3EDCCBBC833C} = {AF2AE772-8BE9-4B04-8DDC-2F55A189FAC3}
		{6D01364E-7EFB-4998-9BC3-A767F6C2A18A} = {3D67A86B-E427-4154-A8D3-3EDCCBBC833C}
		{5D810660-1D65-41E6-A1B7-80F06A08C4CC} = {3D67A86B-E427-4154-A8D3-3EDCCBBC833C}
		{A9841D7A-BC1F-4766-B56B-32DA8CBD31EA} = {AF2AE772-8BE9-4B04-8DDC-2F55A189FAC3}
		{8E38B6D7-6FCC-4552-B4D9-757BB5405F65} = {A9841D7A-BC1F-4766-B56B-32DA8CBD31EA}
		{9AA90821-F9E5-44EB-A3C2-E38F2F09FDB0} = {A9841D7A-BC1F-4766-B56B-32DA8CBD31EA}
		{9FF2DE2E-924A-48D1-ACEF-886AE11B9C52} = {AF2AE772-8BE9-4B04-8DDC-2F55A189FAC3}
		{490D9C31-2F47-4164-9465-4611D913A9C0} = {9FF2DE2E-924A-48D1-ACEF-886AE11B9C52}
		{D4C5A3D1-AB5E-42BC-9051-1566FC3A6656} = {AF2AE772-8BE9-4B04-8DDC-2F55A189FAC3}
		{E0883B07-FAE2-4E00-A240-15333D8E88D1} = {D4C5A3D1-AB5E-42BC-9051-1566FC3A6656}
		{BD3D9672-96E5-471B-94B2-263F52E12DC9} = {AF2AE772-8BE9-4B04-8DDC-2F55A189FAC3}
		{79C4940B-D335-4299-A1A1-EDA4A35AD6FC} = {BD3D9672-96E5-471B-94B2-263F52E12DC9}
		{8F7800AD-0FEE-4445-BFAD-136D744F0A50} = {AF2AE772-8BE9-4B04-8DDC-2F55A189FAC3}
		{7E1D88D9-6992-471E-B456-91716866CE42} = {8F7800AD-0FEE-4445-BFAD-136D744F0A50}
	EndGlobalSection
	GlobalSection(ExtensibilityGlobals) = postSolution
		SolutionGuid = {817C1536-AED8-4A4A-9E44-80FB8807B1F6}
	EndGlobalSection
EndGlobal
