
Microsoft Visual Studio Solution File, Format Version 12.00
# Visual Studio Version 16
VisualStudioVersion = 16.0.28803.202
MinimumVisualStudioVersion = 10.0.40219.1
Project("{FAE04EC0-301F-11D3-BF4B-00C04F79EFBC}") = "RegExpressWPF", "RegExpressWPF\RegExpressWPF.csproj", "{FEA5F50A-0481-4467-9ABE-CCBB3EFADF84}"
EndProject
Project("{2150E333-8FDC-42A3-9474-1A3956D46DE8}") = "Misc", "Misc", "{60FA2836-7AB6-44CD-A1C9-63566306D6FF}"
	ProjectSection(SolutionItems) = preProject
		Misc\ComplexSamples.rtf = Misc\ComplexSamples.rtf
		Misc\Sample Regex - RFC822.txt = Misc\Sample Regex - RFC822.txt
		Misc\Screenshot1.png = Misc\Screenshot1.png
		Misc\UnicodeData8.xlsx = Misc\UnicodeData8.xlsx
	EndProjectSection
EndProject
Project("{2150E333-8FDC-42A3-9474-1A3956D46DE8}") = "RegexEngines", "RegexEngines", "{AF2AE772-8BE9-4B04-8DDC-2F55A189FAC3}"
EndProject
Project("{FAE04EC0-301F-11D3-BF4B-00C04F79EFBC}") = "RegexEngineInfrastructure", "RegexEngines\RegexEngineInfrastructure\RegexEngineInfrastructure.csproj", "{862F8D21-C7D3-4AEC-A802-5431063C9F49}"
EndProject
Project("{FAE04EC0-301F-11D3-BF4B-00C04F79EFBC}") = "DotNetRegexEngine", "RegexEngines\DotNetRegexEngine\DotNetRegexEngine.csproj", "{024A9F29-AE01-4987-86E5-CA4C0CB69E7C}"
EndProject
Project("{FAE04EC0-301F-11D3-BF4B-00C04F79EFBC}") = "StdRegexEngine", "RegexEngines\StdRegexEngine\StdRegexEngine.csproj", "{1BC5CC50-C0F6-4598-934F-E772938DA825}"
EndProject
Project("{8BC9CEB8-8B4A-11D0-8D11-00A0C91BC942}") = "StdRegexInterop", "RegexEngines\StdRegexInterop\StdRegexInterop.vcxproj", "{D6F5056E-FAB0-4C60-A02F-8E56FA9F42D1}"
EndProject
Project("{8BC9CEB8-8B4A-11D0-8D11-00A0C91BC942}") = "BoostRegexInterop", "RegexEngines\BoostRegexInterop\BoostRegexInterop.vcxproj", "{8CA0EEED-5B3E-4226-B936-EAF5DCC06680}"
EndProject
Project("{FAE04EC0-301F-11D3-BF4B-00C04F79EFBC}") = "BoostRegexEngine", "RegexEngines\BoostRegexEngine\BoostRegexEngine.csproj", "{773E3BD2-E5B0-49B5-AF57-12D8CA5C8C8B}"
EndProject
Project("{8BC9CEB8-8B4A-11D0-8D11-00A0C91BC942}") = "Pcre2RegexInterop", "RegexEngines\Pcre2RegexInterop\Pcre2RegexInterop.vcxproj", "{B4A7EAE1-87FA-47C8-88E0-E668E8A104E1}"
EndProject
Project("{FAE04EC0-301F-11D3-BF4B-00C04F79EFBC}") = "Pcre2RegexEngine", "RegexEngines\Pcre2RegexEngine\Pcre2RegexEngine.csproj", "{B7BEB394-9F76-4F5F-B7FB-D88369D98C54}"
EndProject
Project("{2150E333-8FDC-42A3-9474-1A3956D46DE8}") = "Boost", "Boost", "{6D9AD262-FE59-40CE-A5BD-8F01239AA5F7}"
EndProject
Project("{2150E333-8FDC-42A3-9474-1A3956D46DE8}") = "PCRE2", "PCRE2", "{0C1C5680-0429-402C-9A0F-700D722086B4}"
EndProject
Project("{2150E333-8FDC-42A3-9474-1A3956D46DE8}") = "Std", "Std", "{6C0DC856-2A76-4681-AA1A-5875C48C0B33}"
EndProject
Project("{2150E333-8FDC-42A3-9474-1A3956D46DE8}") = "DotNet", "DotNet", "{9E61CB95-A521-4CD9-8C6E-BB9D7AF24B03}"
EndProject
Global
	GlobalSection(SolutionConfigurationPlatforms) = preSolution
		Debug|Any CPU = Debug|Any CPU
		Debug|x64 = Debug|x64
		Debug|x86 = Debug|x86
		Release|Any CPU = Release|Any CPU
		Release|x64 = Release|x64
		Release|x86 = Release|x86
	EndGlobalSection
	GlobalSection(ProjectConfigurationPlatforms) = postSolution
		{FEA5F50A-0481-4467-9ABE-CCBB3EFADF84}.Debug|Any CPU.ActiveCfg = Debug|Any CPU
		{FEA5F50A-0481-4467-9ABE-CCBB3EFADF84}.Debug|Any CPU.Build.0 = Debug|Any CPU
		{FEA5F50A-0481-4467-9ABE-CCBB3EFADF84}.Debug|x64.ActiveCfg = Debug|x64
		{FEA5F50A-0481-4467-9ABE-CCBB3EFADF84}.Debug|x64.Build.0 = Debug|x64
		{FEA5F50A-0481-4467-9ABE-CCBB3EFADF84}.Debug|x86.ActiveCfg = Debug|Any CPU
		{FEA5F50A-0481-4467-9ABE-CCBB3EFADF84}.Debug|x86.Build.0 = Debug|Any CPU
		{FEA5F50A-0481-4467-9ABE-CCBB3EFADF84}.Release|Any CPU.ActiveCfg = Release|Any CPU
		{FEA5F50A-0481-4467-9ABE-CCBB3EFADF84}.Release|Any CPU.Build.0 = Release|Any CPU
		{FEA5F50A-0481-4467-9ABE-CCBB3EFADF84}.Release|x64.ActiveCfg = Release|x64
		{FEA5F50A-0481-4467-9ABE-CCBB3EFADF84}.Release|x64.Build.0 = Release|x64
		{FEA5F50A-0481-4467-9ABE-CCBB3EFADF84}.Release|x86.ActiveCfg = Release|Any CPU
		{FEA5F50A-0481-4467-9ABE-CCBB3EFADF84}.Release|x86.Build.0 = Release|Any CPU
		{862F8D21-C7D3-4AEC-A802-5431063C9F49}.Debug|Any CPU.ActiveCfg = Debug|Any CPU
		{862F8D21-C7D3-4AEC-A802-5431063C9F49}.Debug|Any CPU.Build.0 = Debug|Any CPU
		{862F8D21-C7D3-4AEC-A802-5431063C9F49}.Debug|x64.ActiveCfg = Debug|x64
		{862F8D21-C7D3-4AEC-A802-5431063C9F49}.Debug|x64.Build.0 = Debug|x64
		{862F8D21-C7D3-4AEC-A802-5431063C9F49}.Debug|x86.ActiveCfg = Debug|Any CPU
		{862F8D21-C7D3-4AEC-A802-5431063C9F49}.Debug|x86.Build.0 = Debug|Any CPU
		{862F8D21-C7D3-4AEC-A802-5431063C9F49}.Release|Any CPU.ActiveCfg = Release|Any CPU
		{862F8D21-C7D3-4AEC-A802-5431063C9F49}.Release|Any CPU.Build.0 = Release|Any CPU
		{862F8D21-C7D3-4AEC-A802-5431063C9F49}.Release|x64.ActiveCfg = Release|x64
		{862F8D21-C7D3-4AEC-A802-5431063C9F49}.Release|x64.Build.0 = Release|x64
		{862F8D21-C7D3-4AEC-A802-5431063C9F49}.Release|x86.ActiveCfg = Release|Any CPU
		{862F8D21-C7D3-4AEC-A802-5431063C9F49}.Release|x86.Build.0 = Release|Any CPU
		{024A9F29-AE01-4987-86E5-CA4C0CB69E7C}.Debug|Any CPU.ActiveCfg = Debug|Any CPU
		{024A9F29-AE01-4987-86E5-CA4C0CB69E7C}.Debug|Any CPU.Build.0 = Debug|Any CPU
		{024A9F29-AE01-4987-86E5-CA4C0CB69E7C}.Debug|x64.ActiveCfg = Debug|x64
		{024A9F29-AE01-4987-86E5-CA4C0CB69E7C}.Debug|x64.Build.0 = Debug|x64
		{024A9F29-AE01-4987-86E5-CA4C0CB69E7C}.Debug|x86.ActiveCfg = Debug|Any CPU
		{024A9F29-AE01-4987-86E5-CA4C0CB69E7C}.Debug|x86.Build.0 = Debug|Any CPU
		{024A9F29-AE01-4987-86E5-CA4C0CB69E7C}.Release|Any CPU.ActiveCfg = Release|Any CPU
		{024A9F29-AE01-4987-86E5-CA4C0CB69E7C}.Release|Any CPU.Build.0 = Release|Any CPU
		{024A9F29-AE01-4987-86E5-CA4C0CB69E7C}.Release|x64.ActiveCfg = Release|x64
		{024A9F29-AE01-4987-86E5-CA4C0CB69E7C}.Release|x64.Build.0 = Release|x64
		{024A9F29-AE01-4987-86E5-CA4C0CB69E7C}.Release|x86.ActiveCfg = Release|Any CPU
		{024A9F29-AE01-4987-86E5-CA4C0CB69E7C}.Release|x86.Build.0 = Release|Any CPU
		{1BC5CC50-C0F6-4598-934F-E772938DA825}.Debug|Any CPU.ActiveCfg = Debug|Any CPU
		{1BC5CC50-C0F6-4598-934F-E772938DA825}.Debug|Any CPU.Build.0 = Debug|Any CPU
		{1BC5CC50-C0F6-4598-934F-E772938DA825}.Debug|x64.ActiveCfg = Debug|x64
		{1BC5CC50-C0F6-4598-934F-E772938DA825}.Debug|x64.Build.0 = Debug|x64
		{1BC5CC50-C0F6-4598-934F-E772938DA825}.Debug|x86.ActiveCfg = Debug|Any CPU
		{1BC5CC50-C0F6-4598-934F-E772938DA825}.Debug|x86.Build.0 = Debug|Any CPU
		{1BC5CC50-C0F6-4598-934F-E772938DA825}.Release|Any CPU.ActiveCfg = Release|Any CPU
		{1BC5CC50-C0F6-4598-934F-E772938DA825}.Release|Any CPU.Build.0 = Release|Any CPU
		{1BC5CC50-C0F6-4598-934F-E772938DA825}.Release|x64.ActiveCfg = Release|x64
		{1BC5CC50-C0F6-4598-934F-E772938DA825}.Release|x64.Build.0 = Release|x64
		{1BC5CC50-C0F6-4598-934F-E772938DA825}.Release|x86.ActiveCfg = Release|Any CPU
		{1BC5CC50-C0F6-4598-934F-E772938DA825}.Release|x86.Build.0 = Release|Any CPU
		{D6F5056E-FAB0-4C60-A02F-8E56FA9F42D1}.Debug|Any CPU.ActiveCfg = Debug|Win32
		{D6F5056E-FAB0-4C60-A02F-8E56FA9F42D1}.Debug|x64.ActiveCfg = Debug|x64
		{D6F5056E-FAB0-4C60-A02F-8E56FA9F42D1}.Debug|x64.Build.0 = Debug|x64
		{D6F5056E-FAB0-4C60-A02F-8E56FA9F42D1}.Debug|x86.ActiveCfg = Debug|Win32
		{D6F5056E-FAB0-4C60-A02F-8E56FA9F42D1}.Debug|x86.Build.0 = Debug|Win32
		{D6F5056E-FAB0-4C60-A02F-8E56FA9F42D1}.Release|Any CPU.ActiveCfg = Release|Win32
		{D6F5056E-FAB0-4C60-A02F-8E56FA9F42D1}.Release|x64.ActiveCfg = Release|x64
		{D6F5056E-FAB0-4C60-A02F-8E56FA9F42D1}.Release|x64.Build.0 = Release|x64
		{D6F5056E-FAB0-4C60-A02F-8E56FA9F42D1}.Release|x86.ActiveCfg = Release|Win32
		{D6F5056E-FAB0-4C60-A02F-8E56FA9F42D1}.Release|x86.Build.0 = Release|Win32
		{8CA0EEED-5B3E-4226-B936-EAF5DCC06680}.Debug|Any CPU.ActiveCfg = Debug|Win32
		{8CA0EEED-5B3E-4226-B936-EAF5DCC06680}.Debug|x64.ActiveCfg = Debug|x64
		{8CA0EEED-5B3E-4226-B936-EAF5DCC06680}.Debug|x64.Build.0 = Debug|x64
		{8CA0EEED-5B3E-4226-B936-EAF5DCC06680}.Debug|x86.ActiveCfg = Debug|Win32
		{8CA0EEED-5B3E-4226-B936-EAF5DCC06680}.Debug|x86.Build.0 = Debug|Win32
		{8CA0EEED-5B3E-4226-B936-EAF5DCC06680}.Release|Any CPU.ActiveCfg = Release|Win32
		{8CA0EEED-5B3E-4226-B936-EAF5DCC06680}.Release|x64.ActiveCfg = Release|x64
		{8CA0EEED-5B3E-4226-B936-EAF5DCC06680}.Release|x64.Build.0 = Release|x64
		{8CA0EEED-5B3E-4226-B936-EAF5DCC06680}.Release|x86.ActiveCfg = Release|Win32
		{8CA0EEED-5B3E-4226-B936-EAF5DCC06680}.Release|x86.Build.0 = Release|Win32
		{773E3BD2-E5B0-49B5-AF57-12D8CA5C8C8B}.Debug|Any CPU.ActiveCfg = Debug|Any CPU
		{773E3BD2-E5B0-49B5-AF57-12D8CA5C8C8B}.Debug|Any CPU.Build.0 = Debug|Any CPU
		{773E3BD2-E5B0-49B5-AF57-12D8CA5C8C8B}.Debug|x64.ActiveCfg = Debug|x64
		{773E3BD2-E5B0-49B5-AF57-12D8CA5C8C8B}.Debug|x64.Build.0 = Debug|x64
		{773E3BD2-E5B0-49B5-AF57-12D8CA5C8C8B}.Debug|x86.ActiveCfg = Debug|Any CPU
		{773E3BD2-E5B0-49B5-AF57-12D8CA5C8C8B}.Debug|x86.Build.0 = Debug|Any CPU
		{773E3BD2-E5B0-49B5-AF57-12D8CA5C8C8B}.Release|Any CPU.ActiveCfg = Release|Any CPU
		{773E3BD2-E5B0-49B5-AF57-12D8CA5C8C8B}.Release|Any CPU.Build.0 = Release|Any CPU
		{773E3BD2-E5B0-49B5-AF57-12D8CA5C8C8B}.Release|x64.ActiveCfg = Release|x64
		{773E3BD2-E5B0-49B5-AF57-12D8CA5C8C8B}.Release|x64.Build.0 = Release|x64
		{773E3BD2-E5B0-49B5-AF57-12D8CA5C8C8B}.Release|x86.ActiveCfg = Release|Any CPU
		{773E3BD2-E5B0-49B5-AF57-12D8CA5C8C8B}.Release|x86.Build.0 = Release|Any CPU
		{B4A7EAE1-87FA-47C8-88E0-E668E8A104E1}.Debug|Any CPU.ActiveCfg = Debug|Win32
		{B4A7EAE1-87FA-47C8-88E0-E668E8A104E1}.Debug|x64.ActiveCfg = Debug|x64
		{B4A7EAE1-87FA-47C8-88E0-E668E8A104E1}.Debug|x64.Build.0 = Debug|x64
		{B4A7EAE1-87FA-47C8-88E0-E668E8A104E1}.Debug|x86.ActiveCfg = Debug|Win32
		{B4A7EAE1-87FA-47C8-88E0-E668E8A104E1}.Debug|x86.Build.0 = Debug|Win32
		{B4A7EAE1-87FA-47C8-88E0-E668E8A104E1}.Release|Any CPU.ActiveCfg = Release|Win32
		{B4A7EAE1-87FA-47C8-88E0-E668E8A104E1}.Release|x64.ActiveCfg = Release|x64
		{B4A7EAE1-87FA-47C8-88E0-E668E8A104E1}.Release|x64.Build.0 = Release|x64
		{B4A7EAE1-87FA-47C8-88E0-E668E8A104E1}.Release|x86.ActiveCfg = Release|Win32
		{B4A7EAE1-87FA-47C8-88E0-E668E8A104E1}.Release|x86.Build.0 = Release|Win32
		{B7BEB394-9F76-4F5F-B7FB-D88369D98C54}.Debug|Any CPU.ActiveCfg = Debug|Any CPU
		{B7BEB394-9F76-4F5F-B7FB-D88369D98C54}.Debug|Any CPU.Build.0 = Debug|Any CPU
		{B7BEB394-9F76-4F5F-B7FB-D88369D98C54}.Debug|x64.ActiveCfg = Debug|x64
		{B7BEB394-9F76-4F5F-B7FB-D88369D98C54}.Debug|x64.Build.0 = Debug|x64
		{B7BEB394-9F76-4F5F-B7FB-D88369D98C54}.Debug|x86.ActiveCfg = Debug|Any CPU
		{B7BEB394-9F76-4F5F-B7FB-D88369D98C54}.Debug|x86.Build.0 = Debug|Any CPU
		{B7BEB394-9F76-4F5F-B7FB-D88369D98C54}.Release|Any CPU.ActiveCfg = Release|Any CPU
		{B7BEB394-9F76-4F5F-B7FB-D88369D98C54}.Release|Any CPU.Build.0 = Release|Any CPU
		{B7BEB394-9F76-4F5F-B7FB-D88369D98C54}.Release|x64.ActiveCfg = Release|x64
		{B7BEB394-9F76-4F5F-B7FB-D88369D98C54}.Release|x64.Build.0 = Release|x64
		{B7BEB394-9F76-4F5F-B7FB-D88369D98C54}.Release|x86.ActiveCfg = Release|Any CPU
		{B7BEB394-9F76-4F5F-B7FB-D88369D98C54}.Release|x86.Build.0 = Release|Any CPU
	EndGlobalSection
	GlobalSection(SolutionProperties) = preSolution
		HideSolutionNode = FALSE
	EndGlobalSection
	GlobalSection(NestedProjects) = preSolution
		{862F8D21-C7D3-4AEC-A802-5431063C9F49} = {AF2AE772-8BE9-4B04-8DDC-2F55A189FAC3}
		{024A9F29-AE01-4987-86E5-CA4C0CB69E7C} = {9E61CB95-A521-4CD9-8C6E-BB9D7AF24B03}
		{1BC5CC50-C0F6-4598-934F-E772938DA825} = {6C0DC856-2A76-4681-AA1A-5875C48C0B33}
		{D6F5056E-FAB0-4C60-A02F-8E56FA9F42D1} = {6C0DC856-2A76-4681-AA1A-5875C48C0B33}
		{8CA0EEED-5B3E-4226-B936-EAF5DCC06680} = {6D9AD262-FE59-40CE-A5BD-8F01239AA5F7}
		{773E3BD2-E5B0-49B5-AF57-12D8CA5C8C8B} = {6D9AD262-FE59-40CE-A5BD-8F01239AA5F7}
		{B4A7EAE1-87FA-47C8-88E0-E668E8A104E1} = {0C1C5680-0429-402C-9A0F-700D722086B4}
		{B7BEB394-9F76-4F5F-B7FB-D88369D98C54} = {0C1C5680-0429-402C-9A0F-700D722086B4}
		{6D9AD262-FE59-40CE-A5BD-8F01239AA5F7} = {AF2AE772-8BE9-4B04-8DDC-2F55A189FAC3}
		{0C1C5680-0429-402C-9A0F-700D722086B4} = {AF2AE772-8BE9-4B04-8DDC-2F55A189FAC3}
		{6C0DC856-2A76-4681-AA1A-5875C48C0B33} = {AF2AE772-8BE9-4B04-8DDC-2F55A189FAC3}
		{9E61CB95-A521-4CD9-8C6E-BB9D7AF24B03} = {AF2AE772-8BE9-4B04-8DDC-2F55A189FAC3}
	EndGlobalSection
	GlobalSection(ExtensibilityGlobals) = postSolution
		SolutionGuid = {817C1536-AED8-4A4A-9E44-80FB8807B1F6}
	EndGlobalSection
EndGlobal
